
Microsoft Visual Studio Solution File, Format Version 12.00
# Visual Studio Version 16
VisualStudioVersion = 16.0.28803.202
MinimumVisualStudioVersion = 10.0.40219.1
Project("{FAE04EC0-301F-11D3-BF4B-00C04F79EFBC}") = "TWAsset Copy", "TWAsset Copy\TWAsset Copy.csproj", "{600F216D-7500-479B-A0FE-1316675C7C9F}"
EndProject
Global
	GlobalSection(SolutionConfigurationPlatforms) = preSolution
		Debug|Any CPU = Debug|Any CPU
		Release|Any CPU = Release|Any CPU
	EndGlobalSection
	GlobalSection(ProjectConfigurationPlatforms) = postSolution
		{600F216D-7500-479B-A0FE-1316675C7C9F}.Debug|Any CPU.ActiveCfg = Debug|Any CPU
		{600F216D-7500-479B-A0FE-1316675C7C9F}.Debug|Any CPU.Build.0 = Debug|Any CPU
		{600F216D-7500-479B-A0FE-1316675C7C9F}.Release|Any CPU.ActiveCfg = Release|Any CPU
		{600F216D-7500-479B-A0FE-1316675C7C9F}.Release|Any CPU.Build.0 = Release|Any CPU
	EndGlobalSection
	GlobalSection(SolutionProperties) = preSolution
		HideSolutionNode = FALSE
	EndGlobalSection
	GlobalSection(ExtensibilityGlobals) = postSolution
		SolutionGuid = {5E750904-C339-4C70-ABA5-E230A590F42D}
	EndGlobalSection
EndGlobal
